// !$*UTF8*$!
{
	archiveVersion = 1;
	classes = {
	};
	objectVersion = 55;
	objects = {

/* Begin PBXBuildFile section */
		348D70CD41D5323D26843554 /* Pods_RouteTracker_RouteTrackerUITests.framework in Frameworks */ = {isa = PBXBuildFile; fileRef = 76951A3757B463375E0D92D6 /* Pods_RouteTracker_RouteTrackerUITests.framework */; };
		6D8969D044094213D181B9EC /* Pods_RouteTracker.framework in Frameworks */ = {isa = PBXBuildFile; fileRef = 7E26AFA30FB041C73A634887 /* Pods_RouteTracker.framework */; };
		763B8C803377ECB6F79C1A65 /* Pods_RouteTrackerTests.framework in Frameworks */ = {isa = PBXBuildFile; fileRef = B40B14ABD9EA2F19D97D8A2B /* Pods_RouteTrackerTests.framework */; };
		E1197B7B2735527900B2C02A /* RealmService.swift in Sources */ = {isa = PBXBuildFile; fileRef = E1197B7A2735527900B2C02A /* RealmService.swift */; };
		E147560F2730116100109D0C /* AppDelegate.swift in Sources */ = {isa = PBXBuildFile; fileRef = E147560E2730116100109D0C /* AppDelegate.swift */; };
		E14756112730116100109D0C /* SceneDelegate.swift in Sources */ = {isa = PBXBuildFile; fileRef = E14756102730116100109D0C /* SceneDelegate.swift */; };
		E14756132730116100109D0C /* MapViewController.swift in Sources */ = {isa = PBXBuildFile; fileRef = E14756122730116100109D0C /* MapViewController.swift */; };
		E14756162730116100109D0C /* Main.storyboard in Resources */ = {isa = PBXBuildFile; fileRef = E14756142730116100109D0C /* Main.storyboard */; };
		E14756182730116200109D0C /* Assets.xcassets in Resources */ = {isa = PBXBuildFile; fileRef = E14756172730116200109D0C /* Assets.xcassets */; };
		E147561B2730116200109D0C /* LaunchScreen.storyboard in Resources */ = {isa = PBXBuildFile; fileRef = E14756192730116200109D0C /* LaunchScreen.storyboard */; };
		E14756262730116300109D0C /* RouteTrackerTests.swift in Sources */ = {isa = PBXBuildFile; fileRef = E14756252730116300109D0C /* RouteTrackerTests.swift */; };
		E14756302730116300109D0C /* RouteTrackerUITests.swift in Sources */ = {isa = PBXBuildFile; fileRef = E147562F2730116300109D0C /* RouteTrackerUITests.swift */; };
		E14756322730116300109D0C /* RouteTrackerUITestsLaunchTests.swift in Sources */ = {isa = PBXBuildFile; fileRef = E14756312730116300109D0C /* RouteTrackerUITestsLaunchTests.swift */; };
		E15F47CD27367C3A008837A6 /* Route.swift in Sources */ = {isa = PBXBuildFile; fileRef = E15F47CC27367C3A008837A6 /* Route.swift */; };
		E18907AB273D1B2E00EDB435 /* RecoveryPasswordViewController.swift in Sources */ = {isa = PBXBuildFile; fileRef = E18907AA273D1B2E00EDB435 /* RecoveryPasswordViewController.swift */; };
		E18907AD273D1BC200EDB435 /* SingUpViewController.swift in Sources */ = {isa = PBXBuildFile; fileRef = E18907AC273D1BC200EDB435 /* SingUpViewController.swift */; };
		E18907B0273D234900EDB435 /* StoryboardIdentifiable.swift in Sources */ = {isa = PBXBuildFile; fileRef = E18907AF273D234900EDB435 /* StoryboardIdentifiable.swift */; };
		E19B9507273A708500B2EB67 /* User.swift in Sources */ = {isa = PBXBuildFile; fileRef = E19B9506273A708500B2EB67 /* User.swift */; };
		E19B950B273A789900B2EB67 /* Auth.storyboard in Resources */ = {isa = PBXBuildFile; fileRef = E19B950A273A789900B2EB67 /* Auth.storyboard */; };
		E19B950D273A913F00B2EB67 /* LoginViewController.swift in Sources */ = {isa = PBXBuildFile; fileRef = E19B950C273A913F00B2EB67 /* LoginViewController.swift */; };
		E19B950F273AA37200B2EB67 /* MainViewController.swift in Sources */ = {isa = PBXBuildFile; fileRef = E19B950E273AA37200B2EB67 /* MainViewController.swift */; };
		E19B9511273AA5E600B2EB67 /* BaseCoordinator.swift in Sources */ = {isa = PBXBuildFile; fileRef = E19B9510273AA5E600B2EB67 /* BaseCoordinator.swift */; };
		E19B9513273AA93600B2EB67 /* ApplicationCoordinator.swift in Sources */ = {isa = PBXBuildFile; fileRef = E19B9512273AA93600B2EB67 /* ApplicationCoordinator.swift */; };
		E19B9515273AAA5000B2EB67 /* AuthCoordinator.swift in Sources */ = {isa = PBXBuildFile; fileRef = E19B9514273AAA5000B2EB67 /* AuthCoordinator.swift */; };
		E19B9517273AAA7700B2EB67 /* MainCoordinator.swift in Sources */ = {isa = PBXBuildFile; fileRef = E19B9516273AAA7700B2EB67 /* MainCoordinator.swift */; };

		E1E69EB727424E7200EB7C64 /* CurtainDisplayView.swift in Sources */ = {isa = PBXBuildFile; fileRef = E1E69EB627424E7200EB7C64 /* CurtainDisplayView.swift */; };


/* End PBXBuildFile section */

/* Begin PBXContainerItemProxy section */
		E14756222730116300109D0C /* PBXContainerItemProxy */ = {
			isa = PBXContainerItemProxy;
			containerPortal = E14756032730116100109D0C /* Project object */;
			proxyType = 1;
			remoteGlobalIDString = E147560A2730116100109D0C;
			remoteInfo = RouteTracker;
		};
		E147562C2730116300109D0C /* PBXContainerItemProxy */ = {
			isa = PBXContainerItemProxy;
			containerPortal = E14756032730116100109D0C /* Project object */;
			proxyType = 1;
			remoteGlobalIDString = E147560A2730116100109D0C;
			remoteInfo = RouteTracker;
		};
/* End PBXContainerItemProxy section */

/* Begin PBXFileReference section */
		304C2A95147773EACFAD3595 /* Pods-RouteTracker.release.xcconfig */ = {isa = PBXFileReference; includeInIndex = 1; lastKnownFileType = text.xcconfig; name = "Pods-RouteTracker.release.xcconfig"; path = "Target Support Files/Pods-RouteTracker/Pods-RouteTracker.release.xcconfig"; sourceTree = "<group>"; };
		3086700956EBB1A1D0AB7FBF /* Pods-RouteTracker-RouteTrackerUITests.debug.xcconfig */ = {isa = PBXFileReference; includeInIndex = 1; lastKnownFileType = text.xcconfig; name = "Pods-RouteTracker-RouteTrackerUITests.debug.xcconfig"; path = "Target Support Files/Pods-RouteTracker-RouteTrackerUITests/Pods-RouteTracker-RouteTrackerUITests.debug.xcconfig"; sourceTree = "<group>"; };
		525B61A6A913AD1DFEF553FF /* Pods-RouteTrackerTests.release.xcconfig */ = {isa = PBXFileReference; includeInIndex = 1; lastKnownFileType = text.xcconfig; name = "Pods-RouteTrackerTests.release.xcconfig"; path = "Target Support Files/Pods-RouteTrackerTests/Pods-RouteTrackerTests.release.xcconfig"; sourceTree = "<group>"; };
		76951A3757B463375E0D92D6 /* Pods_RouteTracker_RouteTrackerUITests.framework */ = {isa = PBXFileReference; explicitFileType = wrapper.framework; includeInIndex = 0; path = Pods_RouteTracker_RouteTrackerUITests.framework; sourceTree = BUILT_PRODUCTS_DIR; };
		7E26AFA30FB041C73A634887 /* Pods_RouteTracker.framework */ = {isa = PBXFileReference; explicitFileType = wrapper.framework; includeInIndex = 0; path = Pods_RouteTracker.framework; sourceTree = BUILT_PRODUCTS_DIR; };
		8A8E2B249FF2641B03C78301 /* Pods-RouteTracker.debug.xcconfig */ = {isa = PBXFileReference; includeInIndex = 1; lastKnownFileType = text.xcconfig; name = "Pods-RouteTracker.debug.xcconfig"; path = "Target Support Files/Pods-RouteTracker/Pods-RouteTracker.debug.xcconfig"; sourceTree = "<group>"; };
		B40B14ABD9EA2F19D97D8A2B /* Pods_RouteTrackerTests.framework */ = {isa = PBXFileReference; explicitFileType = wrapper.framework; includeInIndex = 0; path = Pods_RouteTrackerTests.framework; sourceTree = BUILT_PRODUCTS_DIR; };
		D94BA6B477A947CCB170A3F0 /* Pods-RouteTrackerTests.debug.xcconfig */ = {isa = PBXFileReference; includeInIndex = 1; lastKnownFileType = text.xcconfig; name = "Pods-RouteTrackerTests.debug.xcconfig"; path = "Target Support Files/Pods-RouteTrackerTests/Pods-RouteTrackerTests.debug.xcconfig"; sourceTree = "<group>"; };
		DBCDB230DD7B375D1C190914 /* Pods-RouteTracker-RouteTrackerUITests.release.xcconfig */ = {isa = PBXFileReference; includeInIndex = 1; lastKnownFileType = text.xcconfig; name = "Pods-RouteTracker-RouteTrackerUITests.release.xcconfig"; path = "Target Support Files/Pods-RouteTracker-RouteTrackerUITests/Pods-RouteTracker-RouteTrackerUITests.release.xcconfig"; sourceTree = "<group>"; };
		E1197B7A2735527900B2C02A /* RealmService.swift */ = {isa = PBXFileReference; lastKnownFileType = sourcecode.swift; path = RealmService.swift; sourceTree = "<group>"; };
		E147560B2730116100109D0C /* RouteTracker.app */ = {isa = PBXFileReference; explicitFileType = wrapper.application; includeInIndex = 0; path = RouteTracker.app; sourceTree = BUILT_PRODUCTS_DIR; };
		E147560E2730116100109D0C /* AppDelegate.swift */ = {isa = PBXFileReference; lastKnownFileType = sourcecode.swift; path = AppDelegate.swift; sourceTree = "<group>"; };
		E14756102730116100109D0C /* SceneDelegate.swift */ = {isa = PBXFileReference; lastKnownFileType = sourcecode.swift; path = SceneDelegate.swift; sourceTree = "<group>"; };
		E14756122730116100109D0C /* MapViewController.swift */ = {isa = PBXFileReference; lastKnownFileType = sourcecode.swift; path = MapViewController.swift; sourceTree = "<group>"; };
		E14756152730116100109D0C /* Base */ = {isa = PBXFileReference; lastKnownFileType = file.storyboard; name = Base; path = Base.lproj/Main.storyboard; sourceTree = "<group>"; };
		E14756172730116200109D0C /* Assets.xcassets */ = {isa = PBXFileReference; lastKnownFileType = folder.assetcatalog; path = Assets.xcassets; sourceTree = "<group>"; };
		E147561A2730116200109D0C /* Base */ = {isa = PBXFileReference; lastKnownFileType = file.storyboard; name = Base; path = Base.lproj/LaunchScreen.storyboard; sourceTree = "<group>"; };
		E147561C2730116200109D0C /* Info.plist */ = {isa = PBXFileReference; lastKnownFileType = text.plist.xml; path = Info.plist; sourceTree = "<group>"; };
		E14756212730116300109D0C /* RouteTrackerTests.xctest */ = {isa = PBXFileReference; explicitFileType = wrapper.cfbundle; includeInIndex = 0; path = RouteTrackerTests.xctest; sourceTree = BUILT_PRODUCTS_DIR; };
		E14756252730116300109D0C /* RouteTrackerTests.swift */ = {isa = PBXFileReference; lastKnownFileType = sourcecode.swift; path = RouteTrackerTests.swift; sourceTree = "<group>"; };
		E147562B2730116300109D0C /* RouteTrackerUITests.xctest */ = {isa = PBXFileReference; explicitFileType = wrapper.cfbundle; includeInIndex = 0; path = RouteTrackerUITests.xctest; sourceTree = BUILT_PRODUCTS_DIR; };
		E147562F2730116300109D0C /* RouteTrackerUITests.swift */ = {isa = PBXFileReference; lastKnownFileType = sourcecode.swift; path = RouteTrackerUITests.swift; sourceTree = "<group>"; };
		E14756312730116300109D0C /* RouteTrackerUITestsLaunchTests.swift */ = {isa = PBXFileReference; lastKnownFileType = sourcecode.swift; path = RouteTrackerUITestsLaunchTests.swift; sourceTree = "<group>"; };
		E15F47CC27367C3A008837A6 /* Route.swift */ = {isa = PBXFileReference; lastKnownFileType = sourcecode.swift; path = Route.swift; sourceTree = "<group>"; };
		E18907AA273D1B2E00EDB435 /* RecoveryPasswordViewController.swift */ = {isa = PBXFileReference; lastKnownFileType = sourcecode.swift; path = RecoveryPasswordViewController.swift; sourceTree = "<group>"; };
		E18907AC273D1BC200EDB435 /* SingUpViewController.swift */ = {isa = PBXFileReference; lastKnownFileType = sourcecode.swift; path = SingUpViewController.swift; sourceTree = "<group>"; };
		E18907AF273D234900EDB435 /* StoryboardIdentifiable.swift */ = {isa = PBXFileReference; lastKnownFileType = sourcecode.swift; path = StoryboardIdentifiable.swift; sourceTree = "<group>"; };
		E19B9506273A708500B2EB67 /* User.swift */ = {isa = PBXFileReference; lastKnownFileType = sourcecode.swift; path = User.swift; sourceTree = "<group>"; };
		E19B950A273A789900B2EB67 /* Auth.storyboard */ = {isa = PBXFileReference; lastKnownFileType = file.storyboard; path = Auth.storyboard; sourceTree = "<group>"; };
		E19B950C273A913F00B2EB67 /* LoginViewController.swift */ = {isa = PBXFileReference; lastKnownFileType = sourcecode.swift; path = LoginViewController.swift; sourceTree = "<group>"; };
		E19B950E273AA37200B2EB67 /* MainViewController.swift */ = {isa = PBXFileReference; lastKnownFileType = sourcecode.swift; path = MainViewController.swift; sourceTree = "<group>"; };
		E19B9510273AA5E600B2EB67 /* BaseCoordinator.swift */ = {isa = PBXFileReference; lastKnownFileType = sourcecode.swift; path = BaseCoordinator.swift; sourceTree = "<group>"; };
		E19B9512273AA93600B2EB67 /* ApplicationCoordinator.swift */ = {isa = PBXFileReference; lastKnownFileType = sourcecode.swift; path = ApplicationCoordinator.swift; sourceTree = "<group>"; };
		E19B9514273AAA5000B2EB67 /* AuthCoordinator.swift */ = {isa = PBXFileReference; lastKnownFileType = sourcecode.swift; path = AuthCoordinator.swift; sourceTree = "<group>"; };
		E19B9516273AAA7700B2EB67 /* MainCoordinator.swift */ = {isa = PBXFileReference; lastKnownFileType = sourcecode.swift; path = MainCoordinator.swift; sourceTree = "<group>"; };

		E1E69EB627424E7200EB7C64 /* CurtainDisplayView.swift */ = {isa = PBXFileReference; lastKnownFileType = sourcecode.swift; path = CurtainDisplayView.swift; sourceTree = "<group>"; };

/* End PBXFileReference section */

/* Begin PBXFrameworksBuildPhase section */
		E14756082730116100109D0C /* Frameworks */ = {
			isa = PBXFrameworksBuildPhase;
			buildActionMask = 2147483647;
			files = (
				6D8969D044094213D181B9EC /* Pods_RouteTracker.framework in Frameworks */,
			);
			runOnlyForDeploymentPostprocessing = 0;
		};
		E147561E2730116300109D0C /* Frameworks */ = {
			isa = PBXFrameworksBuildPhase;
			buildActionMask = 2147483647;
			files = (
				763B8C803377ECB6F79C1A65 /* Pods_RouteTrackerTests.framework in Frameworks */,
			);
			runOnlyForDeploymentPostprocessing = 0;
		};
		E14756282730116300109D0C /* Frameworks */ = {
			isa = PBXFrameworksBuildPhase;
			buildActionMask = 2147483647;
			files = (
				348D70CD41D5323D26843554 /* Pods_RouteTracker_RouteTrackerUITests.framework in Frameworks */,
			);
			runOnlyForDeploymentPostprocessing = 0;
		};
/* End PBXFrameworksBuildPhase section */

/* Begin PBXGroup section */
		1A722983FB3E7E6819F676B4 /* Frameworks */ = {
			isa = PBXGroup;
			children = (
				7E26AFA30FB041C73A634887 /* Pods_RouteTracker.framework */,
				76951A3757B463375E0D92D6 /* Pods_RouteTracker_RouteTrackerUITests.framework */,
				B40B14ABD9EA2F19D97D8A2B /* Pods_RouteTrackerTests.framework */,
			);
			name = Frameworks;
			sourceTree = "<group>";
		};
		E1197B712735335C00B2C02A /* App */ = {
			isa = PBXGroup;
			children = (
				E147560E2730116100109D0C /* AppDelegate.swift */,
				E14756102730116100109D0C /* SceneDelegate.swift */,
				E1197B722735336E00B2C02A /* BusinessLogic */,
				E1197B732735339900B2C02A /* Entity */,
				E1197B74273533AE00B2C02A /* Assembly */,
				E1197B75273533C000B2C02A /* Flows */,
			);
			path = App;
			sourceTree = "<group>";
		};
		E1197B722735336E00B2C02A /* BusinessLogic */ = {
			isa = PBXGroup;
			children = (
			);
			path = BusinessLogic;
			sourceTree = "<group>";
		};
		E1197B732735339900B2C02A /* Entity */ = {
			isa = PBXGroup;
			children = (
				E15F47CC27367C3A008837A6 /* Route.swift */,
				E19B9506273A708500B2EB67 /* User.swift */,
			);
			path = Entity;
			sourceTree = "<group>";
		};
		E1197B74273533AE00B2C02A /* Assembly */ = {
			isa = PBXGroup;
			children = (
			);
			path = Assembly;
			sourceTree = "<group>";
		};
		E1197B75273533C000B2C02A /* Flows */ = {
			isa = PBXGroup;
			children = (
				E19B9510273AA5E600B2EB67 /* BaseCoordinator.swift */,
				E19B9512273AA93600B2EB67 /* ApplicationCoordinator.swift */,
				E19B9509273A787600B2EB67 /* Auth */,
				E19B9508273A786600B2EB67 /* Main */,
			);
			path = Flows;
			sourceTree = "<group>";
		};
		E1197B76273533E900B2C02A /* Core */ = {
			isa = PBXGroup;
			children = (
				E18907AE273D22B100EDB435 /* Helper */,
				E1197B792735521E00B2C02A /* Service */,
			);
			path = Core;
			sourceTree = "<group>";
		};
		E1197B772735340400B2C02A /* Resources */ = {
			isa = PBXGroup;
			children = (
				E14756172730116200109D0C /* Assets.xcassets */,
				E14756192730116200109D0C /* LaunchScreen.storyboard */,
			);
			path = Resources;
			sourceTree = "<group>";
		};
		E1197B782735344100B2C02A /* Enviroments */ = {
			isa = PBXGroup;
			children = (
				E147561C2730116200109D0C /* Info.plist */,
			);
			path = Enviroments;
			sourceTree = "<group>";
		};
		E1197B792735521E00B2C02A /* Service */ = {
			isa = PBXGroup;
			children = (
				E1197B7A2735527900B2C02A /* RealmService.swift */,
			);
			path = Service;
			sourceTree = "<group>";
		};
		E14756022730116100109D0C = {
			isa = PBXGroup;
			children = (
				E147560D2730116100109D0C /* RouteTracker */,
				E14756242730116300109D0C /* RouteTrackerTests */,
				E147562E2730116300109D0C /* RouteTrackerUITests */,
				E147560C2730116100109D0C /* Products */,
				ED1E07247C8738C935EAF3FE /* Pods */,
				1A722983FB3E7E6819F676B4 /* Frameworks */,
			);
			sourceTree = "<group>";
		};
		E147560C2730116100109D0C /* Products */ = {
			isa = PBXGroup;
			children = (
				E147560B2730116100109D0C /* RouteTracker.app */,
				E14756212730116300109D0C /* RouteTrackerTests.xctest */,
				E147562B2730116300109D0C /* RouteTrackerUITests.xctest */,
			);
			name = Products;
			sourceTree = "<group>";
		};
		E147560D2730116100109D0C /* RouteTracker */ = {
			isa = PBXGroup;
			children = (
				E1197B712735335C00B2C02A /* App */,
				E1197B76273533E900B2C02A /* Core */,
				E1197B772735340400B2C02A /* Resources */,
				E1197B782735344100B2C02A /* Enviroments */,
			);
			path = RouteTracker;
			sourceTree = "<group>";
		};
		E14756242730116300109D0C /* RouteTrackerTests */ = {
			isa = PBXGroup;
			children = (
				E14756252730116300109D0C /* RouteTrackerTests.swift */,
			);
			path = RouteTrackerTests;
			sourceTree = "<group>";
		};
		E147562E2730116300109D0C /* RouteTrackerUITests */ = {
			isa = PBXGroup;
			children = (
				E147562F2730116300109D0C /* RouteTrackerUITests.swift */,
				E14756312730116300109D0C /* RouteTrackerUITestsLaunchTests.swift */,
			);
			path = RouteTrackerUITests;
			sourceTree = "<group>";
		};
		E18907AE273D22B100EDB435 /* Helper */ = {
			isa = PBXGroup;
			children = (
				E18907AF273D234900EDB435 /* StoryboardIdentifiable.swift */,
			);
			path = Helper;
			sourceTree = "<group>";
		};
		E19B9508273A786600B2EB67 /* Main */ = {
			isa = PBXGroup;
			children = (
				E14756142730116100109D0C /* Main.storyboard */,
				E19B9516273AAA7700B2EB67 /* MainCoordinator.swift */,
				E19B950E273AA37200B2EB67 /* MainViewController.swift */,
				E14756122730116100109D0C /* MapViewController.swift */,
			);
			path = Main;
			sourceTree = "<group>";
		};
		E19B9509273A787600B2EB67 /* Auth */ = {
			isa = PBXGroup;
			children = (
				E19B950A273A789900B2EB67 /* Auth.storyboard */,
				E19B9514273AAA5000B2EB67 /* AuthCoordinator.swift */,

				E1E69EB627424E7200EB7C64 /* CurtainDisplayView.swift */,

				E19B950C273A913F00B2EB67 /* LoginViewController.swift */,
				E18907AA273D1B2E00EDB435 /* RecoveryPasswordViewController.swift */,
				E18907AC273D1BC200EDB435 /* SingUpViewController.swift */,
			);
			path = Auth;
			sourceTree = "<group>";
		};
		ED1E07247C8738C935EAF3FE /* Pods */ = {
			isa = PBXGroup;
			children = (
				8A8E2B249FF2641B03C78301 /* Pods-RouteTracker.debug.xcconfig */,
				304C2A95147773EACFAD3595 /* Pods-RouteTracker.release.xcconfig */,
				3086700956EBB1A1D0AB7FBF /* Pods-RouteTracker-RouteTrackerUITests.debug.xcconfig */,
				DBCDB230DD7B375D1C190914 /* Pods-RouteTracker-RouteTrackerUITests.release.xcconfig */,
				D94BA6B477A947CCB170A3F0 /* Pods-RouteTrackerTests.debug.xcconfig */,
				525B61A6A913AD1DFEF553FF /* Pods-RouteTrackerTests.release.xcconfig */,
			);
			path = Pods;
			sourceTree = "<group>";
		};
/* End PBXGroup section */

/* Begin PBXNativeTarget section */
		E147560A2730116100109D0C /* RouteTracker */ = {
			isa = PBXNativeTarget;
			buildConfigurationList = E14756352730116300109D0C /* Build configuration list for PBXNativeTarget "RouteTracker" */;
			buildPhases = (
				82BDE937DB7341F27F267F1E /* [CP] Check Pods Manifest.lock */,
				E14756072730116100109D0C /* Sources */,
				E14756082730116100109D0C /* Frameworks */,
				E14756092730116100109D0C /* Resources */,
				7F7606FF3DB14A130D985942 /* [CP] Copy Pods Resources */,
				823175C0B9112E32C68705B5 /* [CP] Embed Pods Frameworks */,
			);
			buildRules = (
			);
			dependencies = (
			);
			name = RouteTracker;
			productName = RouteTracker;
			productReference = E147560B2730116100109D0C /* RouteTracker.app */;
			productType = "com.apple.product-type.application";
		};
		E14756202730116300109D0C /* RouteTrackerTests */ = {
			isa = PBXNativeTarget;
			buildConfigurationList = E14756382730116300109D0C /* Build configuration list for PBXNativeTarget "RouteTrackerTests" */;
			buildPhases = (
				7B6F9371177ABE52661686CE /* [CP] Check Pods Manifest.lock */,
				E147561D2730116300109D0C /* Sources */,
				E147561E2730116300109D0C /* Frameworks */,
				E147561F2730116300109D0C /* Resources */,
			);
			buildRules = (
			);
			dependencies = (
				E14756232730116300109D0C /* PBXTargetDependency */,
			);
			name = RouteTrackerTests;
			productName = RouteTrackerTests;
			productReference = E14756212730116300109D0C /* RouteTrackerTests.xctest */;
			productType = "com.apple.product-type.bundle.unit-test";
		};
		E147562A2730116300109D0C /* RouteTrackerUITests */ = {
			isa = PBXNativeTarget;
			buildConfigurationList = E147563B2730116300109D0C /* Build configuration list for PBXNativeTarget "RouteTrackerUITests" */;
			buildPhases = (
				437E5A9BD889C96994B9A604 /* [CP] Check Pods Manifest.lock */,
				E14756272730116300109D0C /* Sources */,
				E14756282730116300109D0C /* Frameworks */,
				E14756292730116300109D0C /* Resources */,
				73F4E1AC17C27A8427927C11 /* [CP] Copy Pods Resources */,
				1F820D517A4F960CCC77A02C /* [CP] Embed Pods Frameworks */,
			);
			buildRules = (
			);
			dependencies = (
				E147562D2730116300109D0C /* PBXTargetDependency */,
			);
			name = RouteTrackerUITests;
			productName = RouteTrackerUITests;
			productReference = E147562B2730116300109D0C /* RouteTrackerUITests.xctest */;
			productType = "com.apple.product-type.bundle.ui-testing";
		};
/* End PBXNativeTarget section */

/* Begin PBXProject section */
		E14756032730116100109D0C /* Project object */ = {
			isa = PBXProject;
			attributes = {
				BuildIndependentTargetsInParallel = 1;
				LastSwiftUpdateCheck = 1310;
				LastUpgradeCheck = 1310;
				TargetAttributes = {
					E147560A2730116100109D0C = {
						CreatedOnToolsVersion = 13.1;
					};
					E14756202730116300109D0C = {
						CreatedOnToolsVersion = 13.1;
						TestTargetID = E147560A2730116100109D0C;
					};
					E147562A2730116300109D0C = {
						CreatedOnToolsVersion = 13.1;
						TestTargetID = E147560A2730116100109D0C;
					};
				};
			};
			buildConfigurationList = E14756062730116100109D0C /* Build configuration list for PBXProject "RouteTracker" */;
			compatibilityVersion = "Xcode 13.0";
			developmentRegion = en;
			hasScannedForEncodings = 0;
			knownRegions = (
				en,
				Base,
			);
			mainGroup = E14756022730116100109D0C;
			productRefGroup = E147560C2730116100109D0C /* Products */;
			projectDirPath = "";
			projectRoot = "";
			targets = (
				E147560A2730116100109D0C /* RouteTracker */,
				E14756202730116300109D0C /* RouteTrackerTests */,
				E147562A2730116300109D0C /* RouteTrackerUITests */,
			);
		};
/* End PBXProject section */

/* Begin PBXResourcesBuildPhase section */
		E14756092730116100109D0C /* Resources */ = {
			isa = PBXResourcesBuildPhase;
			buildActionMask = 2147483647;
			files = (
				E19B950B273A789900B2EB67 /* Auth.storyboard in Resources */,
				E147561B2730116200109D0C /* LaunchScreen.storyboard in Resources */,
				E14756182730116200109D0C /* Assets.xcassets in Resources */,
				E14756162730116100109D0C /* Main.storyboard in Resources */,
			);
			runOnlyForDeploymentPostprocessing = 0;
		};
		E147561F2730116300109D0C /* Resources */ = {
			isa = PBXResourcesBuildPhase;
			buildActionMask = 2147483647;
			files = (
			);
			runOnlyForDeploymentPostprocessing = 0;
		};
		E14756292730116300109D0C /* Resources */ = {
			isa = PBXResourcesBuildPhase;
			buildActionMask = 2147483647;
			files = (
			);
			runOnlyForDeploymentPostprocessing = 0;
		};
/* End PBXResourcesBuildPhase section */

/* Begin PBXShellScriptBuildPhase section */
		1F820D517A4F960CCC77A02C /* [CP] Embed Pods Frameworks */ = {
			isa = PBXShellScriptBuildPhase;
			buildActionMask = 2147483647;
			files = (
			);
			inputFileListPaths = (
				"${PODS_ROOT}/Target Support Files/Pods-RouteTracker-RouteTrackerUITests/Pods-RouteTracker-RouteTrackerUITests-frameworks-${CONFIGURATION}-input-files.xcfilelist",
			);
			name = "[CP] Embed Pods Frameworks";
			outputFileListPaths = (
				"${PODS_ROOT}/Target Support Files/Pods-RouteTracker-RouteTrackerUITests/Pods-RouteTracker-RouteTrackerUITests-frameworks-${CONFIGURATION}-output-files.xcfilelist",
			);
			runOnlyForDeploymentPostprocessing = 0;
			shellPath = /bin/sh;
			shellScript = "\"${PODS_ROOT}/Target Support Files/Pods-RouteTracker-RouteTrackerUITests/Pods-RouteTracker-RouteTrackerUITests-frameworks.sh\"\n";
			showEnvVarsInLog = 0;
		};
		437E5A9BD889C96994B9A604 /* [CP] Check Pods Manifest.lock */ = {
			isa = PBXShellScriptBuildPhase;
			buildActionMask = 2147483647;
			files = (
			);
			inputFileListPaths = (
			);
			inputPaths = (
				"${PODS_PODFILE_DIR_PATH}/Podfile.lock",
				"${PODS_ROOT}/Manifest.lock",
			);
			name = "[CP] Check Pods Manifest.lock";
			outputFileListPaths = (
			);
			outputPaths = (
				"$(DERIVED_FILE_DIR)/Pods-RouteTracker-RouteTrackerUITests-checkManifestLockResult.txt",
			);
			runOnlyForDeploymentPostprocessing = 0;
			shellPath = /bin/sh;
			shellScript = "diff \"${PODS_PODFILE_DIR_PATH}/Podfile.lock\" \"${PODS_ROOT}/Manifest.lock\" > /dev/null\nif [ $? != 0 ] ; then\n    # print error to STDERR\n    echo \"error: The sandbox is not in sync with the Podfile.lock. Run 'pod install' or update your CocoaPods installation.\" >&2\n    exit 1\nfi\n# This output is used by Xcode 'outputs' to avoid re-running this script phase.\necho \"SUCCESS\" > \"${SCRIPT_OUTPUT_FILE_0}\"\n";
			showEnvVarsInLog = 0;
		};
		73F4E1AC17C27A8427927C11 /* [CP] Copy Pods Resources */ = {
			isa = PBXShellScriptBuildPhase;
			buildActionMask = 2147483647;
			files = (
			);
			inputFileListPaths = (
				"${PODS_ROOT}/Target Support Files/Pods-RouteTracker-RouteTrackerUITests/Pods-RouteTracker-RouteTrackerUITests-resources-${CONFIGURATION}-input-files.xcfilelist",
			);
			name = "[CP] Copy Pods Resources";
			outputFileListPaths = (
				"${PODS_ROOT}/Target Support Files/Pods-RouteTracker-RouteTrackerUITests/Pods-RouteTracker-RouteTrackerUITests-resources-${CONFIGURATION}-output-files.xcfilelist",
			);
			runOnlyForDeploymentPostprocessing = 0;
			shellPath = /bin/sh;
			shellScript = "\"${PODS_ROOT}/Target Support Files/Pods-RouteTracker-RouteTrackerUITests/Pods-RouteTracker-RouteTrackerUITests-resources.sh\"\n";
			showEnvVarsInLog = 0;
		};
		7B6F9371177ABE52661686CE /* [CP] Check Pods Manifest.lock */ = {
			isa = PBXShellScriptBuildPhase;
			buildActionMask = 2147483647;
			files = (
			);
			inputFileListPaths = (
			);
			inputPaths = (
				"${PODS_PODFILE_DIR_PATH}/Podfile.lock",
				"${PODS_ROOT}/Manifest.lock",
			);
			name = "[CP] Check Pods Manifest.lock";
			outputFileListPaths = (
			);
			outputPaths = (
				"$(DERIVED_FILE_DIR)/Pods-RouteTrackerTests-checkManifestLockResult.txt",
			);
			runOnlyForDeploymentPostprocessing = 0;
			shellPath = /bin/sh;
			shellScript = "diff \"${PODS_PODFILE_DIR_PATH}/Podfile.lock\" \"${PODS_ROOT}/Manifest.lock\" > /dev/null\nif [ $? != 0 ] ; then\n    # print error to STDERR\n    echo \"error: The sandbox is not in sync with the Podfile.lock. Run 'pod install' or update your CocoaPods installation.\" >&2\n    exit 1\nfi\n# This output is used by Xcode 'outputs' to avoid re-running this script phase.\necho \"SUCCESS\" > \"${SCRIPT_OUTPUT_FILE_0}\"\n";
			showEnvVarsInLog = 0;
		};
		7F7606FF3DB14A130D985942 /* [CP] Copy Pods Resources */ = {
			isa = PBXShellScriptBuildPhase;
			buildActionMask = 2147483647;
			files = (
			);
			inputFileListPaths = (
				"${PODS_ROOT}/Target Support Files/Pods-RouteTracker/Pods-RouteTracker-resources-${CONFIGURATION}-input-files.xcfilelist",
			);
			name = "[CP] Copy Pods Resources";
			outputFileListPaths = (
				"${PODS_ROOT}/Target Support Files/Pods-RouteTracker/Pods-RouteTracker-resources-${CONFIGURATION}-output-files.xcfilelist",
			);
			runOnlyForDeploymentPostprocessing = 0;
			shellPath = /bin/sh;
			shellScript = "\"${PODS_ROOT}/Target Support Files/Pods-RouteTracker/Pods-RouteTracker-resources.sh\"\n";
			showEnvVarsInLog = 0;
		};
		823175C0B9112E32C68705B5 /* [CP] Embed Pods Frameworks */ = {
			isa = PBXShellScriptBuildPhase;
			buildActionMask = 2147483647;
			files = (
			);
			inputFileListPaths = (
				"${PODS_ROOT}/Target Support Files/Pods-RouteTracker/Pods-RouteTracker-frameworks-${CONFIGURATION}-input-files.xcfilelist",
			);
			name = "[CP] Embed Pods Frameworks";
			outputFileListPaths = (
				"${PODS_ROOT}/Target Support Files/Pods-RouteTracker/Pods-RouteTracker-frameworks-${CONFIGURATION}-output-files.xcfilelist",
			);
			runOnlyForDeploymentPostprocessing = 0;
			shellPath = /bin/sh;
			shellScript = "\"${PODS_ROOT}/Target Support Files/Pods-RouteTracker/Pods-RouteTracker-frameworks.sh\"\n";
			showEnvVarsInLog = 0;
		};
		82BDE937DB7341F27F267F1E /* [CP] Check Pods Manifest.lock */ = {
			isa = PBXShellScriptBuildPhase;
			buildActionMask = 2147483647;
			files = (
			);
			inputFileListPaths = (
			);
			inputPaths = (
				"${PODS_PODFILE_DIR_PATH}/Podfile.lock",
				"${PODS_ROOT}/Manifest.lock",
			);
			name = "[CP] Check Pods Manifest.lock";
			outputFileListPaths = (
			);
			outputPaths = (
				"$(DERIVED_FILE_DIR)/Pods-RouteTracker-checkManifestLockResult.txt",
			);
			runOnlyForDeploymentPostprocessing = 0;
			shellPath = /bin/sh;
			shellScript = "diff \"${PODS_PODFILE_DIR_PATH}/Podfile.lock\" \"${PODS_ROOT}/Manifest.lock\" > /dev/null\nif [ $? != 0 ] ; then\n    # print error to STDERR\n    echo \"error: The sandbox is not in sync with the Podfile.lock. Run 'pod install' or update your CocoaPods installation.\" >&2\n    exit 1\nfi\n# This output is used by Xcode 'outputs' to avoid re-running this script phase.\necho \"SUCCESS\" > \"${SCRIPT_OUTPUT_FILE_0}\"\n";
			showEnvVarsInLog = 0;
		};
/* End PBXShellScriptBuildPhase section */

/* Begin PBXSourcesBuildPhase section */
		E14756072730116100109D0C /* Sources */ = {
			isa = PBXSourcesBuildPhase;
			buildActionMask = 2147483647;
			files = (
				E19B950D273A913F00B2EB67 /* LoginViewController.swift in Sources */,
				E19B9517273AAA7700B2EB67 /* MainCoordinator.swift in Sources */,
				E19B9511273AA5E600B2EB67 /* BaseCoordinator.swift in Sources */,
				E14756132730116100109D0C /* MapViewController.swift in Sources */,
				E147560F2730116100109D0C /* AppDelegate.swift in Sources */,
				E19B9507273A708500B2EB67 /* User.swift in Sources */,
				E19B9513273AA93600B2EB67 /* ApplicationCoordinator.swift in Sources */,
				E19B9515273AAA5000B2EB67 /* AuthCoordinator.swift in Sources */,
				E18907AD273D1BC200EDB435 /* SingUpViewController.swift in Sources */,
				E18907AB273D1B2E00EDB435 /* RecoveryPasswordViewController.swift in Sources */,
				E14756112730116100109D0C /* SceneDelegate.swift in Sources */,

				E1E69EB727424E7200EB7C64 /* CurtainDisplayView.swift in Sources */,

				E15F47CD27367C3A008837A6 /* Route.swift in Sources */,
				E1197B7B2735527900B2C02A /* RealmService.swift in Sources */,
				E19B950F273AA37200B2EB67 /* MainViewController.swift in Sources */,
				E18907B0273D234900EDB435 /* StoryboardIdentifiable.swift in Sources */,
			);
			runOnlyForDeploymentPostprocessing = 0;
		};
		E147561D2730116300109D0C /* Sources */ = {
			isa = PBXSourcesBuildPhase;
			buildActionMask = 2147483647;
			files = (
				E14756262730116300109D0C /* RouteTrackerTests.swift in Sources */,
			);
			runOnlyForDeploymentPostprocessing = 0;
		};
		E14756272730116300109D0C /* Sources */ = {
			isa = PBXSourcesBuildPhase;
			buildActionMask = 2147483647;
			files = (
				E14756302730116300109D0C /* RouteTrackerUITests.swift in Sources */,
				E14756322730116300109D0C /* RouteTrackerUITestsLaunchTests.swift in Sources */,
			);
			runOnlyForDeploymentPostprocessing = 0;
		};
/* End PBXSourcesBuildPhase section */

/* Begin PBXTargetDependency section */
		E14756232730116300109D0C /* PBXTargetDependency */ = {
			isa = PBXTargetDependency;
			target = E147560A2730116100109D0C /* RouteTracker */;
			targetProxy = E14756222730116300109D0C /* PBXContainerItemProxy */;
		};
		E147562D2730116300109D0C /* PBXTargetDependency */ = {
			isa = PBXTargetDependency;
			target = E147560A2730116100109D0C /* RouteTracker */;
			targetProxy = E147562C2730116300109D0C /* PBXContainerItemProxy */;
		};
/* End PBXTargetDependency section */

/* Begin PBXVariantGroup section */
		E14756142730116100109D0C /* Main.storyboard */ = {
			isa = PBXVariantGroup;
			children = (
				E14756152730116100109D0C /* Base */,
			);
			name = Main.storyboard;
			sourceTree = "<group>";
		};
		E14756192730116200109D0C /* LaunchScreen.storyboard */ = {
			isa = PBXVariantGroup;
			children = (
				E147561A2730116200109D0C /* Base */,
			);
			name = LaunchScreen.storyboard;
			sourceTree = "<group>";
		};
/* End PBXVariantGroup section */

/* Begin XCBuildConfiguration section */
		E14756332730116300109D0C /* Debug */ = {
			isa = XCBuildConfiguration;
			buildSettings = {
				ALWAYS_SEARCH_USER_PATHS = NO;
				CLANG_ANALYZER_NONNULL = YES;
				CLANG_ANALYZER_NUMBER_OBJECT_CONVERSION = YES_AGGRESSIVE;
				CLANG_CXX_LANGUAGE_STANDARD = "gnu++17";
				CLANG_CXX_LIBRARY = "libc++";
				CLANG_ENABLE_MODULES = YES;
				CLANG_ENABLE_OBJC_ARC = YES;
				CLANG_ENABLE_OBJC_WEAK = YES;
				CLANG_WARN_BLOCK_CAPTURE_AUTORELEASING = YES;
				CLANG_WARN_BOOL_CONVERSION = YES;
				CLANG_WARN_COMMA = YES;
				CLANG_WARN_CONSTANT_CONVERSION = YES;
				CLANG_WARN_DEPRECATED_OBJC_IMPLEMENTATIONS = YES;
				CLANG_WARN_DIRECT_OBJC_ISA_USAGE = YES_ERROR;
				CLANG_WARN_DOCUMENTATION_COMMENTS = YES;
				CLANG_WARN_EMPTY_BODY = YES;
				CLANG_WARN_ENUM_CONVERSION = YES;
				CLANG_WARN_INFINITE_RECURSION = YES;
				CLANG_WARN_INT_CONVERSION = YES;
				CLANG_WARN_NON_LITERAL_NULL_CONVERSION = YES;
				CLANG_WARN_OBJC_IMPLICIT_RETAIN_SELF = YES;
				CLANG_WARN_OBJC_LITERAL_CONVERSION = YES;
				CLANG_WARN_OBJC_ROOT_CLASS = YES_ERROR;
				CLANG_WARN_QUOTED_INCLUDE_IN_FRAMEWORK_HEADER = YES;
				CLANG_WARN_RANGE_LOOP_ANALYSIS = YES;
				CLANG_WARN_STRICT_PROTOTYPES = YES;
				CLANG_WARN_SUSPICIOUS_MOVE = YES;
				CLANG_WARN_UNGUARDED_AVAILABILITY = YES_AGGRESSIVE;
				CLANG_WARN_UNREACHABLE_CODE = YES;
				CLANG_WARN__DUPLICATE_METHOD_MATCH = YES;
				COPY_PHASE_STRIP = NO;
				DEBUG_INFORMATION_FORMAT = dwarf;
				ENABLE_STRICT_OBJC_MSGSEND = YES;
				ENABLE_TESTABILITY = YES;
				GCC_C_LANGUAGE_STANDARD = gnu11;
				GCC_DYNAMIC_NO_PIC = NO;
				GCC_NO_COMMON_BLOCKS = YES;
				GCC_OPTIMIZATION_LEVEL = 0;
				GCC_PREPROCESSOR_DEFINITIONS = (
					"DEBUG=1",
					"$(inherited)",
				);
				GCC_WARN_64_TO_32_BIT_CONVERSION = YES;
				GCC_WARN_ABOUT_RETURN_TYPE = YES_ERROR;
				GCC_WARN_UNDECLARED_SELECTOR = YES;
				GCC_WARN_UNINITIALIZED_AUTOS = YES_AGGRESSIVE;
				GCC_WARN_UNUSED_FUNCTION = YES;
				GCC_WARN_UNUSED_VARIABLE = YES;
				IPHONEOS_DEPLOYMENT_TARGET = 15.0;
				MTL_ENABLE_DEBUG_INFO = INCLUDE_SOURCE;
				MTL_FAST_MATH = YES;
				ONLY_ACTIVE_ARCH = YES;
				SDKROOT = iphoneos;
				SWIFT_ACTIVE_COMPILATION_CONDITIONS = DEBUG;
				SWIFT_OPTIMIZATION_LEVEL = "-Onone";
			};
			name = Debug;
		};
		E14756342730116300109D0C /* Release */ = {
			isa = XCBuildConfiguration;
			buildSettings = {
				ALWAYS_SEARCH_USER_PATHS = NO;
				CLANG_ANALYZER_NONNULL = YES;
				CLANG_ANALYZER_NUMBER_OBJECT_CONVERSION = YES_AGGRESSIVE;
				CLANG_CXX_LANGUAGE_STANDARD = "gnu++17";
				CLANG_CXX_LIBRARY = "libc++";
				CLANG_ENABLE_MODULES = YES;
				CLANG_ENABLE_OBJC_ARC = YES;
				CLANG_ENABLE_OBJC_WEAK = YES;
				CLANG_WARN_BLOCK_CAPTURE_AUTORELEASING = YES;
				CLANG_WARN_BOOL_CONVERSION = YES;
				CLANG_WARN_COMMA = YES;
				CLANG_WARN_CONSTANT_CONVERSION = YES;
				CLANG_WARN_DEPRECATED_OBJC_IMPLEMENTATIONS = YES;
				CLANG_WARN_DIRECT_OBJC_ISA_USAGE = YES_ERROR;
				CLANG_WARN_DOCUMENTATION_COMMENTS = YES;
				CLANG_WARN_EMPTY_BODY = YES;
				CLANG_WARN_ENUM_CONVERSION = YES;
				CLANG_WARN_INFINITE_RECURSION = YES;
				CLANG_WARN_INT_CONVERSION = YES;
				CLANG_WARN_NON_LITERAL_NULL_CONVERSION = YES;
				CLANG_WARN_OBJC_IMPLICIT_RETAIN_SELF = YES;
				CLANG_WARN_OBJC_LITERAL_CONVERSION = YES;
				CLANG_WARN_OBJC_ROOT_CLASS = YES_ERROR;
				CLANG_WARN_QUOTED_INCLUDE_IN_FRAMEWORK_HEADER = YES;
				CLANG_WARN_RANGE_LOOP_ANALYSIS = YES;
				CLANG_WARN_STRICT_PROTOTYPES = YES;
				CLANG_WARN_SUSPICIOUS_MOVE = YES;
				CLANG_WARN_UNGUARDED_AVAILABILITY = YES_AGGRESSIVE;
				CLANG_WARN_UNREACHABLE_CODE = YES;
				CLANG_WARN__DUPLICATE_METHOD_MATCH = YES;
				COPY_PHASE_STRIP = NO;
				DEBUG_INFORMATION_FORMAT = "dwarf-with-dsym";
				ENABLE_NS_ASSERTIONS = NO;
				ENABLE_STRICT_OBJC_MSGSEND = YES;
				GCC_C_LANGUAGE_STANDARD = gnu11;
				GCC_NO_COMMON_BLOCKS = YES;
				GCC_WARN_64_TO_32_BIT_CONVERSION = YES;
				GCC_WARN_ABOUT_RETURN_TYPE = YES_ERROR;
				GCC_WARN_UNDECLARED_SELECTOR = YES;
				GCC_WARN_UNINITIALIZED_AUTOS = YES_AGGRESSIVE;
				GCC_WARN_UNUSED_FUNCTION = YES;
				GCC_WARN_UNUSED_VARIABLE = YES;
				IPHONEOS_DEPLOYMENT_TARGET = 15.0;
				MTL_ENABLE_DEBUG_INFO = NO;
				MTL_FAST_MATH = YES;
				SDKROOT = iphoneos;
				SWIFT_COMPILATION_MODE = wholemodule;
				SWIFT_OPTIMIZATION_LEVEL = "-O";
				VALIDATE_PRODUCT = YES;
			};
			name = Release;
		};
		E14756362730116300109D0C /* Debug */ = {
			isa = XCBuildConfiguration;
			baseConfigurationReference = 8A8E2B249FF2641B03C78301 /* Pods-RouteTracker.debug.xcconfig */;
			buildSettings = {
				ASSETCATALOG_COMPILER_APPICON_NAME = AppIcon;
				ASSETCATALOG_COMPILER_GLOBAL_ACCENT_COLOR_NAME = AccentColor;
				CODE_SIGN_STYLE = Automatic;
				CURRENT_PROJECT_VERSION = 1;
				DEVELOPMENT_TEAM = M4PJKP44QG;
				GENERATE_INFOPLIST_FILE = YES;
				INFOPLIST_FILE = RouteTracker/Enviroments/Info.plist;
				INFOPLIST_KEY_NSLocationWhenInUseUsageDescription = "";
				INFOPLIST_KEY_UIApplicationSupportsIndirectInputEvents = YES;
				INFOPLIST_KEY_UILaunchStoryboardName = LaunchScreen;
				INFOPLIST_KEY_UIMainStoryboardFile = Main;
				INFOPLIST_KEY_UISupportedInterfaceOrientations_iPad = "UIInterfaceOrientationPortrait UIInterfaceOrientationPortraitUpsideDown UIInterfaceOrientationLandscapeLeft UIInterfaceOrientationLandscapeRight";
				INFOPLIST_KEY_UISupportedInterfaceOrientations_iPhone = "UIInterfaceOrientationPortrait UIInterfaceOrientationLandscapeLeft UIInterfaceOrientationLandscapeRight";
				LD_RUNPATH_SEARCH_PATHS = (
					"$(inherited)",
					"@executable_path/Frameworks",
				);
				MARKETING_VERSION = 1.0;
				PRODUCT_BUNDLE_IDENTIFIER = KoMary.RouteTracker;
				PRODUCT_NAME = "$(TARGET_NAME)";
				SWIFT_EMIT_LOC_STRINGS = YES;
				SWIFT_VERSION = 5.0;
				TARGETED_DEVICE_FAMILY = "1,2";
			};
			name = Debug;
		};
		E14756372730116300109D0C /* Release */ = {
			isa = XCBuildConfiguration;
			baseConfigurationReference = 304C2A95147773EACFAD3595 /* Pods-RouteTracker.release.xcconfig */;
			buildSettings = {
				ASSETCATALOG_COMPILER_APPICON_NAME = AppIcon;
				ASSETCATALOG_COMPILER_GLOBAL_ACCENT_COLOR_NAME = AccentColor;
				CODE_SIGN_STYLE = Automatic;
				CURRENT_PROJECT_VERSION = 1;
				DEVELOPMENT_TEAM = M4PJKP44QG;
				GENERATE_INFOPLIST_FILE = YES;
				INFOPLIST_FILE = RouteTracker/Enviroments/Info.plist;
				INFOPLIST_KEY_NSLocationWhenInUseUsageDescription = "";
				INFOPLIST_KEY_UIApplicationSupportsIndirectInputEvents = YES;
				INFOPLIST_KEY_UILaunchStoryboardName = LaunchScreen;
				INFOPLIST_KEY_UIMainStoryboardFile = Main;
				INFOPLIST_KEY_UISupportedInterfaceOrientations_iPad = "UIInterfaceOrientationPortrait UIInterfaceOrientationPortraitUpsideDown UIInterfaceOrientationLandscapeLeft UIInterfaceOrientationLandscapeRight";
				INFOPLIST_KEY_UISupportedInterfaceOrientations_iPhone = "UIInterfaceOrientationPortrait UIInterfaceOrientationLandscapeLeft UIInterfaceOrientationLandscapeRight";
				LD_RUNPATH_SEARCH_PATHS = (
					"$(inherited)",
					"@executable_path/Frameworks",
				);
				MARKETING_VERSION = 1.0;
				PRODUCT_BUNDLE_IDENTIFIER = KoMary.RouteTracker;
				PRODUCT_NAME = "$(TARGET_NAME)";
				SWIFT_EMIT_LOC_STRINGS = YES;
				SWIFT_VERSION = 5.0;
				TARGETED_DEVICE_FAMILY = "1,2";
			};
			name = Release;
		};
		E14756392730116300109D0C /* Debug */ = {
			isa = XCBuildConfiguration;
			baseConfigurationReference = D94BA6B477A947CCB170A3F0 /* Pods-RouteTrackerTests.debug.xcconfig */;
			buildSettings = {
				ALWAYS_EMBED_SWIFT_STANDARD_LIBRARIES = YES;
				BUNDLE_LOADER = "$(TEST_HOST)";
				CODE_SIGN_STYLE = Automatic;
				CURRENT_PROJECT_VERSION = 1;
				DEVELOPMENT_TEAM = M4PJKP44QG;
				GENERATE_INFOPLIST_FILE = YES;
				IPHONEOS_DEPLOYMENT_TARGET = 15.0;
				LD_RUNPATH_SEARCH_PATHS = (
					"$(inherited)",
					"@executable_path/Frameworks",
					"@loader_path/Frameworks",
				);
				MARKETING_VERSION = 1.0;
				PRODUCT_BUNDLE_IDENTIFIER = KoMary.RouteTrackerTests;
				PRODUCT_NAME = "$(TARGET_NAME)";
				SWIFT_EMIT_LOC_STRINGS = NO;
				SWIFT_VERSION = 5.0;
				TARGETED_DEVICE_FAMILY = "1,2";
				TEST_HOST = "$(BUILT_PRODUCTS_DIR)/RouteTracker.app/RouteTracker";
			};
			name = Debug;
		};
		E147563A2730116300109D0C /* Release */ = {
			isa = XCBuildConfiguration;
			baseConfigurationReference = 525B61A6A913AD1DFEF553FF /* Pods-RouteTrackerTests.release.xcconfig */;
			buildSettings = {
				ALWAYS_EMBED_SWIFT_STANDARD_LIBRARIES = YES;
				BUNDLE_LOADER = "$(TEST_HOST)";
				CODE_SIGN_STYLE = Automatic;
				CURRENT_PROJECT_VERSION = 1;
				DEVELOPMENT_TEAM = M4PJKP44QG;
				GENERATE_INFOPLIST_FILE = YES;
				IPHONEOS_DEPLOYMENT_TARGET = 15.0;
				LD_RUNPATH_SEARCH_PATHS = (
					"$(inherited)",
					"@executable_path/Frameworks",
					"@loader_path/Frameworks",
				);
				MARKETING_VERSION = 1.0;
				PRODUCT_BUNDLE_IDENTIFIER = KoMary.RouteTrackerTests;
				PRODUCT_NAME = "$(TARGET_NAME)";
				SWIFT_EMIT_LOC_STRINGS = NO;
				SWIFT_VERSION = 5.0;
				TARGETED_DEVICE_FAMILY = "1,2";
				TEST_HOST = "$(BUILT_PRODUCTS_DIR)/RouteTracker.app/RouteTracker";
			};
			name = Release;
		};
		E147563C2730116300109D0C /* Debug */ = {
			isa = XCBuildConfiguration;
			baseConfigurationReference = 3086700956EBB1A1D0AB7FBF /* Pods-RouteTracker-RouteTrackerUITests.debug.xcconfig */;
			buildSettings = {
				ALWAYS_EMBED_SWIFT_STANDARD_LIBRARIES = YES;
				CODE_SIGN_STYLE = Automatic;
				CURRENT_PROJECT_VERSION = 1;
				DEVELOPMENT_TEAM = M4PJKP44QG;
				GENERATE_INFOPLIST_FILE = YES;
				LD_RUNPATH_SEARCH_PATHS = (
					"$(inherited)",
					"@executable_path/Frameworks",
					"@loader_path/Frameworks",
				);
				MARKETING_VERSION = 1.0;
				PRODUCT_BUNDLE_IDENTIFIER = KoMary.RouteTrackerUITests;
				PRODUCT_NAME = "$(TARGET_NAME)";
				SWIFT_EMIT_LOC_STRINGS = NO;
				SWIFT_VERSION = 5.0;
				TARGETED_DEVICE_FAMILY = "1,2";
				TEST_TARGET_NAME = RouteTracker;
			};
			name = Debug;
		};
		E147563D2730116300109D0C /* Release */ = {
			isa = XCBuildConfiguration;
			baseConfigurationReference = DBCDB230DD7B375D1C190914 /* Pods-RouteTracker-RouteTrackerUITests.release.xcconfig */;
			buildSettings = {
				ALWAYS_EMBED_SWIFT_STANDARD_LIBRARIES = YES;
				CODE_SIGN_STYLE = Automatic;
				CURRENT_PROJECT_VERSION = 1;
				DEVELOPMENT_TEAM = M4PJKP44QG;
				GENERATE_INFOPLIST_FILE = YES;
				LD_RUNPATH_SEARCH_PATHS = (
					"$(inherited)",
					"@executable_path/Frameworks",
					"@loader_path/Frameworks",
				);
				MARKETING_VERSION = 1.0;
				PRODUCT_BUNDLE_IDENTIFIER = KoMary.RouteTrackerUITests;
				PRODUCT_NAME = "$(TARGET_NAME)";
				SWIFT_EMIT_LOC_STRINGS = NO;
				SWIFT_VERSION = 5.0;
				TARGETED_DEVICE_FAMILY = "1,2";
				TEST_TARGET_NAME = RouteTracker;
			};
			name = Release;
		};
/* End XCBuildConfiguration section */

/* Begin XCConfigurationList section */
		E14756062730116100109D0C /* Build configuration list for PBXProject "RouteTracker" */ = {
			isa = XCConfigurationList;
			buildConfigurations = (
				E14756332730116300109D0C /* Debug */,
				E14756342730116300109D0C /* Release */,
			);
			defaultConfigurationIsVisible = 0;
			defaultConfigurationName = Release;
		};
		E14756352730116300109D0C /* Build configuration list for PBXNativeTarget "RouteTracker" */ = {
			isa = XCConfigurationList;
			buildConfigurations = (
				E14756362730116300109D0C /* Debug */,
				E14756372730116300109D0C /* Release */,
			);
			defaultConfigurationIsVisible = 0;
			defaultConfigurationName = Release;
		};
		E14756382730116300109D0C /* Build configuration list for PBXNativeTarget "RouteTrackerTests" */ = {
			isa = XCConfigurationList;
			buildConfigurations = (
				E14756392730116300109D0C /* Debug */,
				E147563A2730116300109D0C /* Release */,
			);
			defaultConfigurationIsVisible = 0;
			defaultConfigurationName = Release;
		};
		E147563B2730116300109D0C /* Build configuration list for PBXNativeTarget "RouteTrackerUITests" */ = {
			isa = XCConfigurationList;
			buildConfigurations = (
				E147563C2730116300109D0C /* Debug */,
				E147563D2730116300109D0C /* Release */,
			);
			defaultConfigurationIsVisible = 0;
			defaultConfigurationName = Release;
		};
/* End XCConfigurationList section */
	};
	rootObject = E14756032730116100109D0C /* Project object */;
}
