// !$*UTF8*$!
{
	archiveVersion = 1;
	classes = {
	};
	objectVersion = 55;
	objects = {

/* Begin PBXBuildFile section */
		E147560F2730116100109D0C /* AppDelegate.swift in Sources */ = {isa = PBXBuildFile; fileRef = E147560E2730116100109D0C /* AppDelegate.swift */; };
		E14756112730116100109D0C /* SceneDelegate.swift in Sources */ = {isa = PBXBuildFile; fileRef = E14756102730116100109D0C /* SceneDelegate.swift */; };
		E14756132730116100109D0C /* ViewController.swift in Sources */ = {isa = PBXBuildFile; fileRef = E14756122730116100109D0C /* ViewController.swift */; };
		E14756162730116100109D0C /* Main.storyboard in Resources */ = {isa = PBXBuildFile; fileRef = E14756142730116100109D0C /* Main.storyboard */; };
		E14756182730116200109D0C /* Assets.xcassets in Resources */ = {isa = PBXBuildFile; fileRef = E14756172730116200109D0C /* Assets.xcassets */; };
		E147561B2730116200109D0C /* LaunchScreen.storyboard in Resources */ = {isa = PBXBuildFile; fileRef = E14756192730116200109D0C /* LaunchScreen.storyboard */; };
		E14756262730116300109D0C /* RouteTrackerTests.swift in Sources */ = {isa = PBXBuildFile; fileRef = E14756252730116300109D0C /* RouteTrackerTests.swift */; };
		E14756302730116300109D0C /* RouteTrackerUITests.swift in Sources */ = {isa = PBXBuildFile; fileRef = E147562F2730116300109D0C /* RouteTrackerUITests.swift */; };
		E14756322730116300109D0C /* RouteTrackerUITestsLaunchTests.swift in Sources */ = {isa = PBXBuildFile; fileRef = E14756312730116300109D0C /* RouteTrackerUITestsLaunchTests.swift */; };
/* End PBXBuildFile section */

/* Begin PBXContainerItemProxy section */
		E14756222730116300109D0C /* PBXContainerItemProxy */ = {
			isa = PBXContainerItemProxy;
			containerPortal = E14756032730116100109D0C /* Project object */;
			proxyType = 1;
			remoteGlobalIDString = E147560A2730116100109D0C;
			remoteInfo = RouteTracker;
		};
		E147562C2730116300109D0C /* PBXContainerItemProxy */ = {
			isa = PBXContainerItemProxy;
			containerPortal = E14756032730116100109D0C /* Project object */;
			proxyType = 1;
			remoteGlobalIDString = E147560A2730116100109D0C;
			remoteInfo = RouteTracker;
		};
/* End PBXContainerItemProxy section */

/* Begin PBXFileReference section */
		E147560B2730116100109D0C /* RouteTracker.app */ = {isa = PBXFileReference; explicitFileType = wrapper.application; includeInIndex = 0; path = RouteTracker.app; sourceTree = BUILT_PRODUCTS_DIR; };
		E147560E2730116100109D0C /* AppDelegate.swift */ = {isa = PBXFileReference; lastKnownFileType = sourcecode.swift; path = AppDelegate.swift; sourceTree = "<group>"; };
		E14756102730116100109D0C /* SceneDelegate.swift */ = {isa = PBXFileReference; lastKnownFileType = sourcecode.swift; path = SceneDelegate.swift; sourceTree = "<group>"; };
		E14756122730116100109D0C /* ViewController.swift */ = {isa = PBXFileReference; lastKnownFileType = sourcecode.swift; path = ViewController.swift; sourceTree = "<group>"; };
		E14756152730116100109D0C /* Base */ = {isa = PBXFileReference; lastKnownFileType = file.storyboard; name = Base; path = Base.lproj/Main.storyboard; sourceTree = "<group>"; };
		E14756172730116200109D0C /* Assets.xcassets */ = {isa = PBXFileReference; lastKnownFileType = folder.assetcatalog; path = Assets.xcassets; sourceTree = "<group>"; };
		E147561A2730116200109D0C /* Base */ = {isa = PBXFileReference; lastKnownFileType = file.storyboard; name = Base; path = Base.lproj/LaunchScreen.storyboard; sourceTree = "<group>"; };
		E147561C2730116200109D0C /* Info.plist */ = {isa = PBXFileReference; lastKnownFileType = text.plist.xml; path = Info.plist; sourceTree = "<group>"; };
		E14756212730116300109D0C /* RouteTrackerTests.xctest */ = {isa = PBXFileReference; explicitFileType = wrapper.cfbundle; includeInIndex = 0; path = RouteTrackerTests.xctest; sourceTree = BUILT_PRODUCTS_DIR; };
		E14756252730116300109D0C /* RouteTrackerTests.swift */ = {isa = PBXFileReference; lastKnownFileType = sourcecode.swift; path = RouteTrackerTests.swift; sourceTree = "<group>"; };
		E147562B2730116300109D0C /* RouteTrackerUITests.xctest */ = {isa = PBXFileReference; explicitFileType = wrapper.cfbundle; includeInIndex = 0; path = RouteTrackerUITests.xctest; sourceTree = BUILT_PRODUCTS_DIR; };
		E147562F2730116300109D0C /* RouteTrackerUITests.swift */ = {isa = PBXFileReference; lastKnownFileType = sourcecode.swift; path = RouteTrackerUITests.swift; sourceTree = "<group>"; };
		E14756312730116300109D0C /* RouteTrackerUITestsLaunchTests.swift */ = {isa = PBXFileReference; lastKnownFileType = sourcecode.swift; path = RouteTrackerUITestsLaunchTests.swift; sourceTree = "<group>"; };
/* End PBXFileReference section */

/* Begin PBXFrameworksBuildPhase section */
		E14756082730116100109D0C /* Frameworks */ = {
			isa = PBXFrameworksBuildPhase;
			buildActionMask = 2147483647;
			files = (
			);
			runOnlyForDeploymentPostprocessing = 0;
		};
		E147561E2730116300109D0C /* Frameworks */ = {
			isa = PBXFrameworksBuildPhase;
			buildActionMask = 2147483647;
			files = (
			);
			runOnlyForDeploymentPostprocessing = 0;
		};
		E14756282730116300109D0C /* Frameworks */ = {
			isa = PBXFrameworksBuildPhase;
			buildActionMask = 2147483647;
			files = (
			);
			runOnlyForDeploymentPostprocessing = 0;
		};
/* End PBXFrameworksBuildPhase section */

/* Begin PBXGroup section */
		E14756022730116100109D0C = {
			isa = PBXGroup;
			children = (
				E147560D2730116100109D0C /* RouteTracker */,
				E14756242730116300109D0C /* RouteTrackerTests */,
				E147562E2730116300109D0C /* RouteTrackerUITests */,
				E147560C2730116100109D0C /* Products */,
			);
			sourceTree = "<group>";
		};
		E147560C2730116100109D0C /* Products */ = {
			isa = PBXGroup;
			children = (
				E147560B2730116100109D0C /* RouteTracker.app */,
				E14756212730116300109D0C /* RouteTrackerTests.xctest */,
				E147562B2730116300109D0C /* RouteTrackerUITests.xctest */,
			);
			name = Products;
			sourceTree = "<group>";
		};
		E147560D2730116100109D0C /* RouteTracker */ = {
			isa = PBXGroup;
			children = (
				E147560E2730116100109D0C /* AppDelegate.swift */,
				E14756102730116100109D0C /* SceneDelegate.swift */,
				E14756122730116100109D0C /* ViewController.swift */,
				E14756142730116100109D0C /* Main.storyboard */,
				E14756172730116200109D0C /* Assets.xcassets */,
				E14756192730116200109D0C /* LaunchScreen.storyboard */,
				E147561C2730116200109D0C /* Info.plist */,
			);
			path = RouteTracker;
			sourceTree = "<group>";
		};
		E14756242730116300109D0C /* RouteTrackerTests */ = {
			isa = PBXGroup;
			children = (
				E14756252730116300109D0C /* RouteTrackerTests.swift */,
			);
			path = RouteTrackerTests;
			sourceTree = "<group>";
		};
		E147562E2730116300109D0C /* RouteTrackerUITests */ = {
			isa = PBXGroup;
			children = (
				E147562F2730116300109D0C /* RouteTrackerUITests.swift */,
				E14756312730116300109D0C /* RouteTrackerUITestsLaunchTests.swift */,
			);
			path = RouteTrackerUITests;
			sourceTree = "<group>";
		};
/* End PBXGroup section */

/* Begin PBXNativeTarget section */
		E147560A2730116100109D0C /* RouteTracker */ = {
			isa = PBXNativeTarget;
			buildConfigurationList = E14756352730116300109D0C /* Build configuration list for PBXNativeTarget "RouteTracker" */;
			buildPhases = (
				E14756072730116100109D0C /* Sources */,
				E14756082730116100109D0C /* Frameworks */,
				E14756092730116100109D0C /* Resources */,
			);
			buildRules = (
			);
			dependencies = (
			);
			name = RouteTracker;
			productName = RouteTracker;
			productReference = E147560B2730116100109D0C /* RouteTracker.app */;
			productType = "com.apple.product-type.application";
		};
		E14756202730116300109D0C /* RouteTrackerTests */ = {
			isa = PBXNativeTarget;
			buildConfigurationList = E14756382730116300109D0C /* Build configuration list for PBXNativeTarget "RouteTrackerTests" */;
			buildPhases = (
				E147561D2730116300109D0C /* Sources */,
				E147561E2730116300109D0C /* Frameworks */,
				E147561F2730116300109D0C /* Resources */,
			);
			buildRules = (
			);
			dependencies = (
				E14756232730116300109D0C /* PBXTargetDependency */,
			);
			name = RouteTrackerTests;
			productName = RouteTrackerTests;
			productReference = E14756212730116300109D0C /* RouteTrackerTests.xctest */;
			productType = "com.apple.product-type.bundle.unit-test";
		};
		E147562A2730116300109D0C /* RouteTrackerUITests */ = {
			isa = PBXNativeTarget;
			buildConfigurationList = E147563B2730116300109D0C /* Build configuration list for PBXNativeTarget "RouteTrackerUITests" */;
			buildPhases = (
				E14756272730116300109D0C /* Sources */,
				E14756282730116300109D0C /* Frameworks */,
				E14756292730116300109D0C /* Resources */,
			);
			buildRules = (
			);
			dependencies = (
				E147562D2730116300109D0C /* PBXTargetDependency */,
			);
			name = RouteTrackerUITests;
			productName = RouteTrackerUITests;
			productReference = E147562B2730116300109D0C /* RouteTrackerUITests.xctest */;
			productType = "com.apple.product-type.bundle.ui-testing";
		};
/* End PBXNativeTarget section */

/* Begin PBXProject section */
		E14756032730116100109D0C /* Project object */ = {
			isa = PBXProject;
			attributes = {
				BuildIndependentTargetsInParallel = 1;
				LastSwiftUpdateCheck = 1310;
				LastUpgradeCheck = 1310;
				TargetAttributes = {
					E147560A2730116100109D0C = {
						CreatedOnToolsVersion = 13.1;
					};
					E14756202730116300109D0C = {
						CreatedOnToolsVersion = 13.1;
						TestTargetID = E147560A2730116100109D0C;
					};
					E147562A2730116300109D0C = {
						CreatedOnToolsVersion = 13.1;
						TestTargetID = E147560A2730116100109D0C;
					};
				};
			};
			buildConfigurationList = E14756062730116100109D0C /* Build configuration list for PBXProject "RouteTracker" */;
			compatibilityVersion = "Xcode 13.0";
			developmentRegion = en;
			hasScannedForEncodings = 0;
			knownRegions = (
				en,
				Base,
			);
			mainGroup = E14756022730116100109D0C;
			productRefGroup = E147560C2730116100109D0C /* Products */;
			projectDirPath = "";
			projectRoot = "";
			targets = (
				E147560A2730116100109D0C /* RouteTracker */,
				E14756202730116300109D0C /* RouteTrackerTests */,
				E147562A2730116300109D0C /* RouteTrackerUITests */,
			);
		};
/* End PBXProject section */

/* Begin PBXResourcesBuildPhase section */
		E14756092730116100109D0C /* Resources */ = {
			isa = PBXResourcesBuildPhase;
			buildActionMask = 2147483647;
			files = (
				E147561B2730116200109D0C /* LaunchScreen.storyboard in Resources */,
				E14756182730116200109D0C /* Assets.xcassets in Resources */,
				E14756162730116100109D0C /* Main.storyboard in Resources */,
			);
			runOnlyForDeploymentPostprocessing = 0;
		};
		E147561F2730116300109D0C /* Resources */ = {
			isa = PBXResourcesBuildPhase;
			buildActionMask = 2147483647;
			files = (
			);
			runOnlyForDeploymentPostprocessing = 0;
		};
		E14756292730116300109D0C /* Resources */ = {
			isa = PBXResourcesBuildPhase;
			buildActionMask = 2147483647;
			files = (
			);
			runOnlyForDeploymentPostprocessing = 0;
		};
/* End PBXResourcesBuildPhase section */

/* Begin PBXSourcesBuildPhase section */
		E14756072730116100109D0C /* Sources */ = {
			isa = PBXSourcesBuildPhase;
			buildActionMask = 2147483647;
			files = (
				E14756132730116100109D0C /* ViewController.swift in Sources */,
				E147560F2730116100109D0C /* AppDelegate.swift in Sources */,
				E14756112730116100109D0C /* SceneDelegate.swift in Sources */,
			);
			runOnlyForDeploymentPostprocessing = 0;
		};
		E147561D2730116300109D0C /* Sources */ = {
			isa = PBXSourcesBuildPhase;
			buildActionMask = 2147483647;
			files = (
				E14756262730116300109D0C /* RouteTrackerTests.swift in Sources */,
			);
			runOnlyForDeploymentPostprocessing = 0;
		};
		E14756272730116300109D0C /* Sources */ = {
			isa = PBXSourcesBuildPhase;
			buildActionMask = 2147483647;
			files = (
				E14756302730116300109D0C /* RouteTrackerUITests.swift in Sources */,
				E14756322730116300109D0C /* RouteTrackerUITestsLaunchTests.swift in Sources */,
			);
			runOnlyForDeploymentPostprocessing = 0;
		};
/* End PBXSourcesBuildPhase section */

/* Begin PBXTargetDependency section */
		E14756232730116300109D0C /* PBXTargetDependency */ = {
			isa = PBXTargetDependency;
			target = E147560A2730116100109D0C /* RouteTracker */;
			targetProxy = E14756222730116300109D0C /* PBXContainerItemProxy */;
		};
		E147562D2730116300109D0C /* PBXTargetDependency */ = {
			isa = PBXTargetDependency;
			target = E147560A2730116100109D0C /* RouteTracker */;
			targetProxy = E147562C2730116300109D0C /* PBXContainerItemProxy */;
		};
/* End PBXTargetDependency section */

/* Begin PBXVariantGroup section */
		E14756142730116100109D0C /* Main.storyboard */ = {
			isa = PBXVariantGroup;
			children = (
				E14756152730116100109D0C /* Base */,
			);
			name = Main.storyboard;
			sourceTree = "<group>";
		};
		E14756192730116200109D0C /* LaunchScreen.storyboard */ = {
			isa = PBXVariantGroup;
			children = (
				E147561A2730116200109D0C /* Base */,
			);
			name = LaunchScreen.storyboard;
			sourceTree = "<group>";
		};
/* End PBXVariantGroup section */

/* Begin XCBuildConfiguration section */
		E14756332730116300109D0C /* Debug */ = {
			isa = XCBuildConfiguration;
			buildSettings = {
				ALWAYS_SEARCH_USER_PATHS = NO;
				CLANG_ANALYZER_NONNULL = YES;
				CLANG_ANALYZER_NUMBER_OBJECT_CONVERSION = YES_AGGRESSIVE;
				CLANG_CXX_LANGUAGE_STANDARD = "gnu++17";
				CLANG_CXX_LIBRARY = "libc++";
				CLANG_ENABLE_MODULES = YES;
				CLANG_ENABLE_OBJC_ARC = YES;
				CLANG_ENABLE_OBJC_WEAK = YES;
				CLANG_WARN_BLOCK_CAPTURE_AUTORELEASING = YES;
				CLANG_WARN_BOOL_CONVERSION = YES;
				CLANG_WARN_COMMA = YES;
				CLANG_WARN_CONSTANT_CONVERSION = YES;
				CLANG_WARN_DEPRECATED_OBJC_IMPLEMENTATIONS = YES;
				CLANG_WARN_DIRECT_OBJC_ISA_USAGE = YES_ERROR;
				CLANG_WARN_DOCUMENTATION_COMMENTS = YES;
				CLANG_WARN_EMPTY_BODY = YES;
				CLANG_WARN_ENUM_CONVERSION = YES;
				CLANG_WARN_INFINITE_RECURSION = YES;
				CLANG_WARN_INT_CONVERSION = YES;
				CLANG_WARN_NON_LITERAL_NULL_CONVERSION = YES;
				CLANG_WARN_OBJC_IMPLICIT_RETAIN_SELF = YES;
				CLANG_WARN_OBJC_LITERAL_CONVERSION = YES;
				CLANG_WARN_OBJC_ROOT_CLASS = YES_ERROR;
				CLANG_WARN_QUOTED_INCLUDE_IN_FRAMEWORK_HEADER = YES;
				CLANG_WARN_RANGE_LOOP_ANALYSIS = YES;
				CLANG_WARN_STRICT_PROTOTYPES = YES;
				CLANG_WARN_SUSPICIOUS_MOVE = YES;
				CLANG_WARN_UNGUARDED_AVAILABILITY = YES_AGGRESSIVE;
				CLANG_WARN_UNREACHABLE_CODE = YES;
				CLANG_WARN__DUPLICATE_METHOD_MATCH = YES;
				COPY_PHASE_STRIP = NO;
				DEBUG_INFORMATION_FORMAT = dwarf;
				ENABLE_STRICT_OBJC_MSGSEND = YES;
				ENABLE_TESTABILITY = YES;
				GCC_C_LANGUAGE_STANDARD = gnu11;
				GCC_DYNAMIC_NO_PIC = NO;
				GCC_NO_COMMON_BLOCKS = YES;
				GCC_OPTIMIZATION_LEVEL = 0;
				GCC_PREPROCESSOR_DEFINITIONS = (
					"DEBUG=1",
					"$(inherited)",
				);
				GCC_WARN_64_TO_32_BIT_CONVERSION = YES;
				GCC_WARN_ABOUT_RETURN_TYPE = YES_ERROR;
				GCC_WARN_UNDECLARED_SELECTOR = YES;
				GCC_WARN_UNINITIALIZED_AUTOS = YES_AGGRESSIVE;
				GCC_WARN_UNUSED_FUNCTION = YES;
				GCC_WARN_UNUSED_VARIABLE = YES;
				IPHONEOS_DEPLOYMENT_TARGET = 15.0;
				MTL_ENABLE_DEBUG_INFO = INCLUDE_SOURCE;
				MTL_FAST_MATH = YES;
				ONLY_ACTIVE_ARCH = YES;
				SDKROOT = iphoneos;
				SWIFT_ACTIVE_COMPILATION_CONDITIONS = DEBUG;
				SWIFT_OPTIMIZATION_LEVEL = "-Onone";
			};
			name = Debug;
		};
		E14756342730116300109D0C /* Release */ = {
			isa = XCBuildConfiguration;
			buildSettings = {
				ALWAYS_SEARCH_USER_PATHS = NO;
				CLANG_ANALYZER_NONNULL = YES;
				CLANG_ANALYZER_NUMBER_OBJECT_CONVERSION = YES_AGGRESSIVE;
				CLANG_CXX_LANGUAGE_STANDARD = "gnu++17";
				CLANG_CXX_LIBRARY = "libc++";
				CLANG_ENABLE_MODULES = YES;
				CLANG_ENABLE_OBJC_ARC = YES;
				CLANG_ENABLE_OBJC_WEAK = YES;
				CLANG_WARN_BLOCK_CAPTURE_AUTORELEASING = YES;
				CLANG_WARN_BOOL_CONVERSION = YES;
				CLANG_WARN_COMMA = YES;
				CLANG_WARN_CONSTANT_CONVERSION = YES;
				CLANG_WARN_DEPRECATED_OBJC_IMPLEMENTATIONS = YES;
				CLANG_WARN_DIRECT_OBJC_ISA_USAGE = YES_ERROR;
				CLANG_WARN_DOCUMENTATION_COMMENTS = YES;
				CLANG_WARN_EMPTY_BODY = YES;
				CLANG_WARN_ENUM_CONVERSION = YES;
				CLANG_WARN_INFINITE_RECURSION = YES;
				CLANG_WARN_INT_CONVERSION = YES;
				CLANG_WARN_NON_LITERAL_NULL_CONVERSION = YES;
				CLANG_WARN_OBJC_IMPLICIT_RETAIN_SELF = YES;
				CLANG_WARN_OBJC_LITERAL_CONVERSION = YES;
				CLANG_WARN_OBJC_ROOT_CLASS = YES_ERROR;
				CLANG_WARN_QUOTED_INCLUDE_IN_FRAMEWORK_HEADER = YES;
				CLANG_WARN_RANGE_LOOP_ANALYSIS = YES;
				CLANG_WARN_STRICT_PROTOTYPES = YES;
				CLANG_WARN_SUSPICIOUS_MOVE = YES;
				CLANG_WARN_UNGUARDED_AVAILABILITY = YES_AGGRESSIVE;
				CLANG_WARN_UNREACHABLE_CODE = YES;
				CLANG_WARN__DUPLICATE_METHOD_MATCH = YES;
				COPY_PHASE_STRIP = NO;
				DEBUG_INFORMATION_FORMAT = "dwarf-with-dsym";
				ENABLE_NS_ASSERTIONS = NO;
				ENABLE_STRICT_OBJC_MSGSEND = YES;
				GCC_C_LANGUAGE_STANDARD = gnu11;
				GCC_NO_COMMON_BLOCKS = YES;
				GCC_WARN_64_TO_32_BIT_CONVERSION = YES;
				GCC_WARN_ABOUT_RETURN_TYPE = YES_ERROR;
				GCC_WARN_UNDECLARED_SELECTOR = YES;
				GCC_WARN_UNINITIALIZED_AUTOS = YES_AGGRESSIVE;
				GCC_WARN_UNUSED_FUNCTION = YES;
				GCC_WARN_UNUSED_VARIABLE = YES;
				IPHONEOS_DEPLOYMENT_TARGET = 15.0;
				MTL_ENABLE_DEBUG_INFO = NO;
				MTL_FAST_MATH = YES;
				SDKROOT = iphoneos;
				SWIFT_COMPILATION_MODE = wholemodule;
				SWIFT_OPTIMIZATION_LEVEL = "-O";
				VALIDATE_PRODUCT = YES;
			};
			name = Release;
		};
		E14756362730116300109D0C /* Debug */ = {
			isa = XCBuildConfiguration;
			buildSettings = {
				ASSETCATALOG_COMPILER_APPICON_NAME = AppIcon;
				ASSETCATALOG_COMPILER_GLOBAL_ACCENT_COLOR_NAME = AccentColor;
				CODE_SIGN_STYLE = Automatic;
				CURRENT_PROJECT_VERSION = 1;
				DEVELOPMENT_TEAM = M4PJKP44QG;
				GENERATE_INFOPLIST_FILE = YES;
				INFOPLIST_FILE = RouteTracker/Info.plist;
				INFOPLIST_KEY_UIApplicationSupportsIndirectInputEvents = YES;
				INFOPLIST_KEY_UILaunchStoryboardName = LaunchScreen;
				INFOPLIST_KEY_UIMainStoryboardFile = Main;
				INFOPLIST_KEY_UISupportedInterfaceOrientations_iPad = "UIInterfaceOrientationPortrait UIInterfaceOrientationPortraitUpsideDown UIInterfaceOrientationLandscapeLeft UIInterfaceOrientationLandscapeRight";
				INFOPLIST_KEY_UISupportedInterfaceOrientations_iPhone = "UIInterfaceOrientationPortrait UIInterfaceOrientationLandscapeLeft UIInterfaceOrientationLandscapeRight";
				LD_RUNPATH_SEARCH_PATHS = (
					"$(inherited)",
					"@executable_path/Frameworks",
				);
				MARKETING_VERSION = 1.0;
				PRODUCT_BUNDLE_IDENTIFIER = KoMary.RouteTracker;
				PRODUCT_NAME = "$(TARGET_NAME)";
				SWIFT_EMIT_LOC_STRINGS = YES;
				SWIFT_VERSION = 5.0;
				TARGETED_DEVICE_FAMILY = "1,2";
			};
			name = Debug;
		};
		E14756372730116300109D0C /* Release */ = {
			isa = XCBuildConfiguration;
			buildSettings = {
				ASSETCATALOG_COMPILER_APPICON_NAME = AppIcon;
				ASSETCATALOG_COMPILER_GLOBAL_ACCENT_COLOR_NAME = AccentColor;
				CODE_SIGN_STYLE = Automatic;
				CURRENT_PROJECT_VERSION = 1;
				DEVELOPMENT_TEAM = M4PJKP44QG;
				GENERATE_INFOPLIST_FILE = YES;
				INFOPLIST_FILE = RouteTracker/Info.plist;
				INFOPLIST_KEY_UIApplicationSupportsIndirectInputEvents = YES;
				INFOPLIST_KEY_UILaunchStoryboardName = LaunchScreen;
				INFOPLIST_KEY_UIMainStoryboardFile = Main;
				INFOPLIST_KEY_UISupportedInterfaceOrientations_iPad = "UIInterfaceOrientationPortrait UIInterfaceOrientationPortraitUpsideDown UIInterfaceOrientationLandscapeLeft UIInterfaceOrientationLandscapeRight";
				INFOPLIST_KEY_UISupportedInterfaceOrientations_iPhone = "UIInterfaceOrientationPortrait UIInterfaceOrientationLandscapeLeft UIInterfaceOrientationLandscapeRight";
				LD_RUNPATH_SEARCH_PATHS = (
					"$(inherited)",
					"@executable_path/Frameworks",
				);
				MARKETING_VERSION = 1.0;
				PRODUCT_BUNDLE_IDENTIFIER = KoMary.RouteTracker;
				PRODUCT_NAME = "$(TARGET_NAME)";
				SWIFT_EMIT_LOC_STRINGS = YES;
				SWIFT_VERSION = 5.0;
				TARGETED_DEVICE_FAMILY = "1,2";
			};
			name = Release;
		};
		E14756392730116300109D0C /* Debug */ = {
			isa = XCBuildConfiguration;
			buildSettings = {
				ALWAYS_EMBED_SWIFT_STANDARD_LIBRARIES = YES;
				BUNDLE_LOADER = "$(TEST_HOST)";
				CODE_SIGN_STYLE = Automatic;
				CURRENT_PROJECT_VERSION = 1;
				DEVELOPMENT_TEAM = M4PJKP44QG;
				GENERATE_INFOPLIST_FILE = YES;
				IPHONEOS_DEPLOYMENT_TARGET = 15.0;
				LD_RUNPATH_SEARCH_PATHS = (
					"$(inherited)",
					"@executable_path/Frameworks",
					"@loader_path/Frameworks",
				);
				MARKETING_VERSION = 1.0;
				PRODUCT_BUNDLE_IDENTIFIER = KoMary.RouteTrackerTests;
				PRODUCT_NAME = "$(TARGET_NAME)";
				SWIFT_EMIT_LOC_STRINGS = NO;
				SWIFT_VERSION = 5.0;
				TARGETED_DEVICE_FAMILY = "1,2";
				TEST_HOST = "$(BUILT_PRODUCTS_DIR)/RouteTracker.app/RouteTracker";
			};
			name = Debug;
		};
		E147563A2730116300109D0C /* Release */ = {
			isa = XCBuildConfiguration;
			buildSettings = {
				ALWAYS_EMBED_SWIFT_STANDARD_LIBRARIES = YES;
				BUNDLE_LOADER = "$(TEST_HOST)";
				CODE_SIGN_STYLE = Automatic;
				CURRENT_PROJECT_VERSION = 1;
				DEVELOPMENT_TEAM = M4PJKP44QG;
				GENERATE_INFOPLIST_FILE = YES;
				IPHONEOS_DEPLOYMENT_TARGET = 15.0;
				LD_RUNPATH_SEARCH_PATHS = (
					"$(inherited)",
					"@executable_path/Frameworks",
					"@loader_path/Frameworks",
				);
				MARKETING_VERSION = 1.0;
				PRODUCT_BUNDLE_IDENTIFIER = KoMary.RouteTrackerTests;
				PRODUCT_NAME = "$(TARGET_NAME)";
				SWIFT_EMIT_LOC_STRINGS = NO;
				SWIFT_VERSION = 5.0;
				TARGETED_DEVICE_FAMILY = "1,2";
				TEST_HOST = "$(BUILT_PRODUCTS_DIR)/RouteTracker.app/RouteTracker";
			};
			name = Release;
		};
		E147563C2730116300109D0C /* Debug */ = {
			isa = XCBuildConfiguration;
			buildSettings = {
				ALWAYS_EMBED_SWIFT_STANDARD_LIBRARIES = YES;
				CODE_SIGN_STYLE = Automatic;
				CURRENT_PROJECT_VERSION = 1;
				DEVELOPMENT_TEAM = M4PJKP44QG;
				GENERATE_INFOPLIST_FILE = YES;
				LD_RUNPATH_SEARCH_PATHS = (
					"$(inherited)",
					"@executable_path/Frameworks",
					"@loader_path/Frameworks",
				);
				MARKETING_VERSION = 1.0;
				PRODUCT_BUNDLE_IDENTIFIER = KoMary.RouteTrackerUITests;
				PRODUCT_NAME = "$(TARGET_NAME)";
				SWIFT_EMIT_LOC_STRINGS = NO;
				SWIFT_VERSION = 5.0;
				TARGETED_DEVICE_FAMILY = "1,2";
				TEST_TARGET_NAME = RouteTracker;
			};
			name = Debug;
		};
		E147563D2730116300109D0C /* Release */ = {
			isa = XCBuildConfiguration;
			buildSettings = {
				ALWAYS_EMBED_SWIFT_STANDARD_LIBRARIES = YES;
				CODE_SIGN_STYLE = Automatic;
				CURRENT_PROJECT_VERSION = 1;
				DEVELOPMENT_TEAM = M4PJKP44QG;
				GENERATE_INFOPLIST_FILE = YES;
				LD_RUNPATH_SEARCH_PATHS = (
					"$(inherited)",
					"@executable_path/Frameworks",
					"@loader_path/Frameworks",
				);
				MARKETING_VERSION = 1.0;
				PRODUCT_BUNDLE_IDENTIFIER = KoMary.RouteTrackerUITests;
				PRODUCT_NAME = "$(TARGET_NAME)";
				SWIFT_EMIT_LOC_STRINGS = NO;
				SWIFT_VERSION = 5.0;
				TARGETED_DEVICE_FAMILY = "1,2";
				TEST_TARGET_NAME = RouteTracker;
			};
			name = Release;
		};
/* End XCBuildConfiguration section */

/* Begin XCConfigurationList section */
		E14756062730116100109D0C /* Build configuration list for PBXProject "RouteTracker" */ = {
			isa = XCConfigurationList;
			buildConfigurations = (
				E14756332730116300109D0C /* Debug */,
				E14756342730116300109D0C /* Release */,
			);
			defaultConfigurationIsVisible = 0;
			defaultConfigurationName = Release;
		};
		E14756352730116300109D0C /* Build configuration list for PBXNativeTarget "RouteTracker" */ = {
			isa = XCConfigurationList;
			buildConfigurations = (
				E14756362730116300109D0C /* Debug */,
				E14756372730116300109D0C /* Release */,
			);
			defaultConfigurationIsVisible = 0;
			defaultConfigurationName = Release;
		};
		E14756382730116300109D0C /* Build configuration list for PBXNativeTarget "RouteTrackerTests" */ = {
			isa = XCConfigurationList;
			buildConfigurations = (
				E14756392730116300109D0C /* Debug */,
				E147563A2730116300109D0C /* Release */,
			);
			defaultConfigurationIsVisible = 0;
			defaultConfigurationName = Release;
		};
		E147563B2730116300109D0C /* Build configuration list for PBXNativeTarget "RouteTrackerUITests" */ = {
			isa = XCConfigurationList;
			buildConfigurations = (
				E147563C2730116300109D0C /* Debug */,
				E147563D2730116300109D0C /* Release */,
			);
			defaultConfigurationIsVisible = 0;
			defaultConfigurationName = Release;
		};
/* End XCConfigurationList section */
	};
	rootObject = E14756032730116100109D0C /* Project object */;
}
