PODS:
  - GoogleMaps (5.2.0):
    - GoogleMaps/Maps (= 5.2.0)
  - GoogleMaps/Base (5.2.0)
  - GoogleMaps/Maps (5.2.0):
    - GoogleMaps/Base
  - Realm (10.7.2):
    - Realm/Headers (= 10.7.2)
  - Realm/Headers (10.7.2)
  - RealmSwift (10.7.2):
    - Realm (= 10.7.2)

DEPENDENCIES:
  - GoogleMaps
  - RealmSwift

SPEC REPOS:
  trunk:
    - GoogleMaps
    - Realm
    - RealmSwift

SPEC CHECKSUMS:
  GoogleMaps: 025272d5876d3b32604e5c080dc25eaf68764693
  Realm: e523da9ade306c5ae87e85dc09fdef148d3e1cc1
  RealmSwift: 4f6758c3adbdcc87f7b7777107226532a077f61c

PODFILE CHECKSUM: e559a8d0d98ba8e8497d1c5e7512491b4b647d2e

COCOAPODS: 1.11.2
